
Microsoft Visual Studio Solution File, Format Version 12.00
# Visual Studio Version 17
VisualStudioVersion = 17.14.36301.6 d17.14
MinimumVisualStudioVersion = 10.0.40219.1
Project("{888888A0-9F3D-457C-B088-3A5042F75D52}") = "PythonImageApp", "PythonImageApp\PythonImageApp.pyproj", "{F031EC95-E31A-4BDC-8F7F-54A898A2FC13}"
EndProject
Global
	GlobalSection(SolutionConfigurationPlatforms) = preSolution
		Debug|Any CPU = Debug|Any CPU
		Release|Any CPU = Release|Any CPU
	EndGlobalSection
	GlobalSection(ProjectConfigurationPlatforms) = postSolution
		{F031EC95-E31A-4BDC-8F7F-54A898A2FC13}.Debug|Any CPU.ActiveCfg = Debug|Any CPU
		{F031EC95-E31A-4BDC-8F7F-54A898A2FC13}.Release|Any CPU.ActiveCfg = Release|Any CPU
	EndGlobalSection
	GlobalSection(SolutionProperties) = preSolution
		HideSolutionNode = FALSE
	EndGlobalSection
	GlobalSection(ExtensibilityGlobals) = postSolution
		SolutionGuid = {52125B6F-D69D-4C98-AB4E-F16EE3A4B269}
	EndGlobalSection
EndGlobal
